
Microsoft Visual Studio Solution File, Format Version 12.00
# Visual Studio Version 16
VisualStudioVersion = 16.0.31019.35
MinimumVisualStudioVersion = 10.0.40219.1
Project("{FAE04EC0-301F-11D3-BF4B-00C04F79EFBC}") = "Reverse Linked List", "Reverse Linked List\Reverse Linked List.csproj", "{748F2815-90C0-4065-A7B1-665F9955EAC6}"
EndProject
Global
	GlobalSection(SolutionConfigurationPlatforms) = preSolution
		Debug|Any CPU = Debug|Any CPU
		Release|Any CPU = Release|Any CPU
	EndGlobalSection
	GlobalSection(ProjectConfigurationPlatforms) = postSolution
		{748F2815-90C0-4065-A7B1-665F9955EAC6}.Debug|Any CPU.ActiveCfg = Debug|Any CPU
		{748F2815-90C0-4065-A7B1-665F9955EAC6}.Debug|Any CPU.Build.0 = Debug|Any CPU
		{748F2815-90C0-4065-A7B1-665F9955EAC6}.Release|Any CPU.ActiveCfg = Release|Any CPU
		{748F2815-90C0-4065-A7B1-665F9955EAC6}.Release|Any CPU.Build.0 = Release|Any CPU
	EndGlobalSection
	GlobalSection(SolutionProperties) = preSolution
		HideSolutionNode = FALSE
	EndGlobalSection
	GlobalSection(ExtensibilityGlobals) = postSolution
		SolutionGuid = {08FE1BE0-FDDA-4FDC-8197-DB7382BDFD60}
	EndGlobalSection
EndGlobal
